Microsoft Visual Studio Solution File, Format Version 12.00
# Visual Studio 15
VisualStudioVersion = 15.0.27130.2010
MinimumVisualStudioVersion = 15.0.26124.0
Project("{2150E333-8FDC-42A3-9474-1A3956D46DE8}") = "src", "src", "{CC1E485F-5E92-4D2B-8CFA-C404AE679D87}"
EndProject
Project("{2150E333-8FDC-42A3-9474-1A3956D46DE8}") = "test", "test", "{526B3D30-4C7C-4685-9B04-6BE1746437BD}"
EndProject
Project("{9A19103F-16F7-4668-BE54-9A1E7A4F7556}") = "Pivotal.Extensions.Configuration.ConfigServer.ITest", "test\Pivotal.Extensions.Configuration.ConfigServer.ITest\Pivotal.Extensions.Configuration.ConfigServer.ITest.csproj", "{0818E3B6-DDF7-4037-8CA4-1DB2FCE3F2B2}"
EndProject
Project("{2150E333-8FDC-42A3-9474-1A3956D46DE8}") = "config", "config", "{7D7B907C-4761-4961-9239-189897A26D0C}"
	ProjectSection(SolutionItems) = preProject
		config\versions-dev.props = config\versions-dev.props
		config\versions-master.props = config\versions-master.props
		config\versions.props = config\versions.props
	EndProjectSection
EndProject
Project("{2150E333-8FDC-42A3-9474-1A3956D46DE8}") = "Solution Items", "Solution Items", "{95221FD9-A87D-4275-B4DA-D2C08FF61278}"
	ProjectSection(SolutionItems) = preProject
		.appveyor.yml = .appveyor.yml
		.travis.yml = .travis.yml
		nuget.config = nuget.config
		README.md = README.md
		stylecop.json = stylecop.json
	EndProjectSection
EndProject
Project("{9A19103F-16F7-4668-BE54-9A1E7A4F7556}") = "Pivotal.Extensions.Configuration.ConfigServerCore", "src\Pivotal.Extensions.Configuration.ConfigServerCore\Pivotal.Extensions.Configuration.ConfigServerCore.csproj", "{8DAAFE89-8F7C-4A3E-BC7B-D4F90E2395ED}"
EndProject
Project("{9A19103F-16F7-4668-BE54-9A1E7A4F7556}") = "Pivotal.Extensions.Configuration.ConfigServerCore.Test", "test\Pivotal.Extensions.Configuration.ConfigServerCore.Test\Pivotal.Extensions.Configuration.ConfigServerCore.Test.csproj", "{7C0F6B7B-69A6-4882-B72E-556EAC990660}"
EndProject
Project("{9A19103F-16F7-4668-BE54-9A1E7A4F7556}") = "Pivotal.Extensions.Configuration.ConfigServerAutofac", "src\Pivotal.Extensions.Configuration.ConfigServerAutofac\Pivotal.Extensions.Configuration.ConfigServerAutofac.csproj", "{8E7EBB23-2CD7-4A11-B6DB-C4698714013A}"
EndProject
Project("{9A19103F-16F7-4668-BE54-9A1E7A4F7556}") = "Pivotal.Extensions.Configuration.Autofac.Test", "test\Pivotal.Extensions.Configuration.Autofac.Test\Pivotal.Extensions.Configuration.Autofac.Test.csproj", "{C5F9667D-B3C2-4A42-A784-A5260015D5B1}"
EndProject
Project("{9A19103F-16F7-4668-BE54-9A1E7A4F7556}") = "Pivotal.Extensions.Configuration.ConfigServerBase", "src\Pivotal.Extensions.Configuration.ConfigServerBase\Pivotal.Extensions.Configuration.ConfigServerBase.csproj", "{E23F4329-7A03-4022-826F-D73F4FBD16C9}"
EndProject
Project("{9A19103F-16F7-4668-BE54-9A1E7A4F7556}") = "Pivotal.Extensions.Configuration.ConfigServerBase.Test", "test\Pivotal.Extensions.Configuration.ConfigServerBase.Test\Pivotal.Extensions.Configuration.ConfigServerBase.Test.csproj", "{9C9DB8CB-FC5F-4AFE-9BC6-D7839510E16E}"
EndProject
Global
	GlobalSection(SolutionConfigurationPlatforms) = preSolution
		Debug|Any CPU = Debug|Any CPU
		Debug|x64 = Debug|x64
		Debug|x86 = Debug|x86
		Release|Any CPU = Release|Any CPU
		Release|x64 = Release|x64
		Release|x86 = Release|x86
	EndGlobalSection
	GlobalSection(ProjectConfigurationPlatforms) = postSolution
		{0818E3B6-DDF7-4037-8CA4-1DB2FCE3F2B2}.Debug|Any CPU.ActiveCfg = Debug|Any CPU
		{0818E3B6-DDF7-4037-8CA4-1DB2FCE3F2B2}.Debug|Any CPU.Build.0 = Debug|Any CPU
		{0818E3B6-DDF7-4037-8CA4-1DB2FCE3F2B2}.Debug|x64.ActiveCfg = Debug|Any CPU
		{0818E3B6-DDF7-4037-8CA4-1DB2FCE3F2B2}.Debug|x64.Build.0 = Debug|Any CPU
		{0818E3B6-DDF7-4037-8CA4-1DB2FCE3F2B2}.Debug|x86.ActiveCfg = Debug|Any CPU
		{0818E3B6-DDF7-4037-8CA4-1DB2FCE3F2B2}.Debug|x86.Build.0 = Debug|Any CPU
		{0818E3B6-DDF7-4037-8CA4-1DB2FCE3F2B2}.Release|Any CPU.ActiveCfg = Release|Any CPU
		{0818E3B6-DDF7-4037-8CA4-1DB2FCE3F2B2}.Release|Any CPU.Build.0 = Release|Any CPU
		{0818E3B6-DDF7-4037-8CA4-1DB2FCE3F2B2}.Release|x64.ActiveCfg = Release|Any CPU
		{0818E3B6-DDF7-4037-8CA4-1DB2FCE3F2B2}.Release|x64.Build.0 = Release|Any CPU
		{0818E3B6-DDF7-4037-8CA4-1DB2FCE3F2B2}.Release|x86.ActiveCfg = Release|Any CPU
		{0818E3B6-DDF7-4037-8CA4-1DB2FCE3F2B2}.Release|x86.Build.0 = Release|Any CPU
		{8DAAFE89-8F7C-4A3E-BC7B-D4F90E2395ED}.Debug|Any CPU.ActiveCfg = Debug|Any CPU
		{8DAAFE89-8F7C-4A3E-BC7B-D4F90E2395ED}.Debug|Any CPU.Build.0 = Debug|Any CPU
		{8DAAFE89-8F7C-4A3E-BC7B-D4F90E2395ED}.Debug|x64.ActiveCfg = Debug|Any CPU
		{8DAAFE89-8F7C-4A3E-BC7B-D4F90E2395ED}.Debug|x64.Build.0 = Debug|Any CPU
		{8DAAFE89-8F7C-4A3E-BC7B-D4F90E2395ED}.Debug|x86.ActiveCfg = Debug|Any CPU
		{8DAAFE89-8F7C-4A3E-BC7B-D4F90E2395ED}.Debug|x86.Build.0 = Debug|Any CPU
		{8DAAFE89-8F7C-4A3E-BC7B-D4F90E2395ED}.Release|Any CPU.ActiveCfg = Release|Any CPU
		{8DAAFE89-8F7C-4A3E-BC7B-D4F90E2395ED}.Release|Any CPU.Build.0 = Release|Any CPU
		{8DAAFE89-8F7C-4A3E-BC7B-D4F90E2395ED}.Release|x64.ActiveCfg = Release|Any CPU
		{8DAAFE89-8F7C-4A3E-BC7B-D4F90E2395ED}.Release|x64.Build.0 = Release|Any CPU
		{8DAAFE89-8F7C-4A3E-BC7B-D4F90E2395ED}.Release|x86.ActiveCfg = Release|Any CPU
		{8DAAFE89-8F7C-4A3E-BC7B-D4F90E2395ED}.Release|x86.Build.0 = Release|Any CPU
		{7C0F6B7B-69A6-4882-B72E-556EAC990660}.Debug|Any CPU.ActiveCfg = Debug|Any CPU
		{7C0F6B7B-69A6-4882-B72E-556EAC990660}.Debug|Any CPU.Build.0 = Debug|Any CPU
		{7C0F6B7B-69A6-4882-B72E-556EAC990660}.Debug|x64.ActiveCfg = Debug|Any CPU
		{7C0F6B7B-69A6-4882-B72E-556EAC990660}.Debug|x64.Build.0 = Debug|Any CPU
		{7C0F6B7B-69A6-4882-B72E-556EAC990660}.Debug|x86.ActiveCfg = Debug|Any CPU
		{7C0F6B7B-69A6-4882-B72E-556EAC990660}.Debug|x86.Build.0 = Debug|Any CPU
		{7C0F6B7B-69A6-4882-B72E-556EAC990660}.Release|Any CPU.ActiveCfg = Release|Any CPU
		{7C0F6B7B-69A6-4882-B72E-556EAC990660}.Release|Any CPU.Build.0 = Release|Any CPU
		{7C0F6B7B-69A6-4882-B72E-556EAC990660}.Release|x64.ActiveCfg = Release|Any CPU
		{7C0F6B7B-69A6-4882-B72E-556EAC990660}.Release|x64.Build.0 = Release|Any CPU
		{7C0F6B7B-69A6-4882-B72E-556EAC990660}.Release|x86.ActiveCfg = Release|Any CPU
		{7C0F6B7B-69A6-4882-B72E-556EAC990660}.Release|x86.Build.0 = Release|Any CPU
		{8E7EBB23-2CD7-4A11-B6DB-C4698714013A}.Debug|Any CPU.ActiveCfg = Debug|Any CPU
		{8E7EBB23-2CD7-4A11-B6DB-C4698714013A}.Debug|Any CPU.Build.0 = Debug|Any CPU
		{8E7EBB23-2CD7-4A11-B6DB-C4698714013A}.Debug|x64.ActiveCfg = Debug|Any CPU
		{8E7EBB23-2CD7-4A11-B6DB-C4698714013A}.Debug|x64.Build.0 = Debug|Any CPU
		{8E7EBB23-2CD7-4A11-B6DB-C4698714013A}.Debug|x86.ActiveCfg = Debug|Any CPU
		{8E7EBB23-2CD7-4A11-B6DB-C4698714013A}.Debug|x86.Build.0 = Debug|Any CPU
		{8E7EBB23-2CD7-4A11-B6DB-C4698714013A}.Release|Any CPU.ActiveCfg = Release|Any CPU
		{8E7EBB23-2CD7-4A11-B6DB-C4698714013A}.Release|Any CPU.Build.0 = Release|Any CPU
		{8E7EBB23-2CD7-4A11-B6DB-C4698714013A}.Release|x64.ActiveCfg = Release|Any CPU
		{8E7EBB23-2CD7-4A11-B6DB-C4698714013A}.Release|x64.Build.0 = Release|Any CPU
		{8E7EBB23-2CD7-4A11-B6DB-C4698714013A}.Release|x86.ActiveCfg = Release|Any CPU
		{8E7EBB23-2CD7-4A11-B6DB-C4698714013A}.Release|x86.Build.0 = Release|Any CPU
		{C5F9667D-B3C2-4A42-A784-A5260015D5B1}.Debug|Any CPU.ActiveCfg = Debug|Any CPU
		{C5F9667D-B3C2-4A42-A784-A5260015D5B1}.Debug|Any CPU.Build.0 = Debug|Any CPU
		{C5F9667D-B3C2-4A42-A784-A5260015D5B1}.Debug|x64.ActiveCfg = Debug|Any CPU
		{C5F9667D-B3C2-4A42-A784-A5260015D5B1}.Debug|x64.Build.0 = Debug|Any CPU
		{C5F9667D-B3C2-4A42-A784-A5260015D5B1}.Debug|x86.ActiveCfg = Debug|Any CPU
		{C5F9667D-B3C2-4A42-A784-A5260015D5B1}.Debug|x86.Build.0 = Debug|Any CPU
		{C5F9667D-B3C2-4A42-A784-A5260015D5B1}.Release|Any CPU.ActiveCfg = Release|Any CPU
		{C5F9667D-B3C2-4A42-A784-A5260015D5B1}.Release|Any CPU.Build.0 = Release|Any CPU
		{C5F9667D-B3C2-4A42-A784-A5260015D5B1}.Release|x64.ActiveCfg = Release|Any CPU
		{C5F9667D-B3C2-4A42-A784-A5260015D5B1}.Release|x64.Build.0 = Release|Any CPU
		{C5F9667D-B3C2-4A42-A784-A5260015D5B1}.Release|x86.ActiveCfg = Release|Any CPU
		{C5F9667D-B3C2-4A42-A784-A5260015D5B1}.Release|x86.Build.0 = Release|Any CPU
		{E23F4329-7A03-4022-826F-D73F4FBD16C9}.Debug|Any CPU.ActiveCfg = Debug|Any CPU
		{E23F4329-7A03-4022-826F-D73F4FBD16C9}.Debug|Any CPU.Build.0 = Debug|Any CPU
		{E23F4329-7A03-4022-826F-D73F4FBD16C9}.Debug|x64.ActiveCfg = Debug|Any CPU
		{E23F4329-7A03-4022-826F-D73F4FBD16C9}.Debug|x64.Build.0 = Debug|Any CPU
		{E23F4329-7A03-4022-826F-D73F4FBD16C9}.Debug|x86.ActiveCfg = Debug|Any CPU
		{E23F4329-7A03-4022-826F-D73F4FBD16C9}.Debug|x86.Build.0 = Debug|Any CPU
		{E23F4329-7A03-4022-826F-D73F4FBD16C9}.Release|Any CPU.ActiveCfg = Release|Any CPU
		{E23F4329-7A03-4022-826F-D73F4FBD16C9}.Release|Any CPU.Build.0 = Release|Any CPU
		{E23F4329-7A03-4022-826F-D73F4FBD16C9}.Release|x64.ActiveCfg = Release|Any CPU
		{E23F4329-7A03-4022-826F-D73F4FBD16C9}.Release|x64.Build.0 = Release|Any CPU
		{E23F4329-7A03-4022-826F-D73F4FBD16C9}.Release|x86.ActiveCfg = Release|Any CPU
		{E23F4329-7A03-4022-826F-D73F4FBD16C9}.Release|x86.Build.0 = Release|Any CPU
		{9C9DB8CB-FC5F-4AFE-9BC6-D7839510E16E}.Debug|Any CPU.ActiveCfg = Debug|Any CPU
		{9C9DB8CB-FC5F-4AFE-9BC6-D7839510E16E}.Debug|Any CPU.Build.0 = Debug|Any CPU
		{9C9DB8CB-FC5F-4AFE-9BC6-D7839510E16E}.Debug|x64.ActiveCfg = Debug|Any CPU
		{9C9DB8CB-FC5F-4AFE-9BC6-D7839510E16E}.Debug|x64.Build.0 = Debug|Any CPU
		{9C9DB8CB-FC5F-4AFE-9BC6-D7839510E16E}.Debug|x86.ActiveCfg = Debug|Any CPU
		{9C9DB8CB-FC5F-4AFE-9BC6-D7839510E16E}.Debug|x86.Build.0 = Debug|Any CPU
		{9C9DB8CB-FC5F-4AFE-9BC6-D7839510E16E}.Release|Any CPU.ActiveCfg = Release|Any CPU
		{9C9DB8CB-FC5F-4AFE-9BC6-D7839510E16E}.Release|Any CPU.Build.0 = Release|Any CPU
		{9C9DB8CB-FC5F-4AFE-9BC6-D7839510E16E}.Release|x64.ActiveCfg = Release|Any CPU
		{9C9DB8CB-FC5F-4AFE-9BC6-D7839510E16E}.Release|x64.Build.0 = Release|Any CPU
		{9C9DB8CB-FC5F-4AFE-9BC6-D7839510E16E}.Release|x86.ActiveCfg = Release|Any CPU
		{9C9DB8CB-FC5F-4AFE-9BC6-D7839510E16E}.Release|x86.Build.0 = Release|Any CPU
	EndGlobalSection
	GlobalSection(SolutionProperties) = preSolution
		HideSolutionNode = FALSE
	EndGlobalSection
	GlobalSection(NestedProjects) = preSolution
		{0818E3B6-DDF7-4037-8CA4-1DB2FCE3F2B2} = {526B3D30-4C7C-4685-9B04-6BE1746437BD}
		{8DAAFE89-8F7C-4A3E-BC7B-D4F90E2395ED} = {CC1E485F-5E92-4D2B-8CFA-C404AE679D87}
		{7C0F6B7B-69A6-4882-B72E-556EAC990660} = {526B3D30-4C7C-4685-9B04-6BE1746437BD}
		{8E7EBB23-2CD7-4A11-B6DB-C4698714013A} = {CC1E485F-5E92-4D2B-8CFA-C404AE679D87}
		{C5F9667D-B3C2-4A42-A784-A5260015D5B1} = {526B3D30-4C7C-4685-9B04-6BE1746437BD}
		{E23F4329-7A03-4022-826F-D73F4FBD16C9} = {CC1E485F-5E92-4D2B-8CFA-C404AE679D87}
		{9C9DB8CB-FC5F-4AFE-9BC6-D7839510E16E} = {526B3D30-4C7C-4685-9B04-6BE1746437BD}
	EndGlobalSection
	GlobalSection(ExtensibilityGlobals) = postSolution
		SolutionGuid = {6589ADBE-302B-4626-ACE5-E076119F2790}
	EndGlobalSection
EndGlobal
